// !$*UTF8*$!
{
	archiveVersion = 1;
	classes = {
	};
	objectVersion = 50;
	objects = {

/* Begin PBXBuildFile section */
		AA5029E024BEECD4006576A4 /* AppDelegate.swift in Sources */ = {isa = PBXBuildFile; fileRef = AA5029DF24BEECD4006576A4 /* AppDelegate.swift */; };
		AA5029E224BEECD4006576A4 /* SceneDelegate.swift in Sources */ = {isa = PBXBuildFile; fileRef = AA5029E124BEECD4006576A4 /* SceneDelegate.swift */; };
		AA5029E424BEECD4006576A4 /* ViewController.swift in Sources */ = {isa = PBXBuildFile; fileRef = AA5029E324BEECD4006576A4 /* ViewController.swift */; };
		AA5029E724BEECD4006576A4 /* Main.storyboard in Resources */ = {isa = PBXBuildFile; fileRef = AA5029E524BEECD4006576A4 /* Main.storyboard */; };
		AA5029E924BEECD8006576A4 /* Assets.xcassets in Resources */ = {isa = PBXBuildFile; fileRef = AA5029E824BEECD8006576A4 /* Assets.xcassets */; };
		AA5029EC24BEECD8006576A4 /* LaunchScreen.storyboard in Resources */ = {isa = PBXBuildFile; fileRef = AA5029EA24BEECD8006576A4 /* LaunchScreen.storyboard */; };
		AA5029F424BEEEC2006576A4 /* StillImageViewController.swift in Sources */ = {isa = PBXBuildFile; fileRef = AA5029F324BEEEC2006576A4 /* StillImageViewController.swift */; };
		AA5029F624BEF5EE006576A4 /* LiveFeedViewController.swift in Sources */ = {isa = PBXBuildFile; fileRef = AA5029F524BEF5EE006576A4 /* LiveFeedViewController.swift */; };
/* End PBXBuildFile section */

/* Begin PBXFileReference section */
		AA5029DC24BEECD4006576A4 /* Face Detection.app */ = {isa = PBXFileReference; explicitFileType = wrapper.application; includeInIndex = 0; path = "Face Detection.app"; sourceTree = BUILT_PRODUCTS_DIR; };
		AA5029DF24BEECD4006576A4 /* AppDelegate.swift */ = {isa = PBXFileReference; lastKnownFileType = sourcecode.swift; path = AppDelegate.swift; sourceTree = "<group>"; };
		AA5029E124BEECD4006576A4 /* SceneDelegate.swift */ = {isa = PBXFileReference; lastKnownFileType = sourcecode.swift; path = SceneDelegate.swift; sourceTree = "<group>"; };
		AA5029E324BEECD4006576A4 /* ViewController.swift */ = {isa = PBXFileReference; lastKnownFileType = sourcecode.swift; path = ViewController.swift; sourceTree = "<group>"; };
		AA5029E624BEECD4006576A4 /* Base */ = {isa = PBXFileReference; lastKnownFileType = file.storyboard; name = Base; path = Base.lproj/Main.storyboard; sourceTree = "<group>"; };
		AA5029E824BEECD8006576A4 /* Assets.xcassets */ = {isa = PBXFileReference; lastKnownFileType = folder.assetcatalog; path = Assets.xcassets; sourceTree = "<group>"; };
		AA5029EB24BEECD8006576A4 /* Base */ = {isa = PBXFileReference; lastKnownFileType = file.storyboard; name = Base; path = Base.lproj/LaunchScreen.storyboard; sourceTree = "<group>"; };
		AA5029ED24BEECD8006576A4 /* Info.plist */ = {isa = PBXFileReference; lastKnownFileType = text.plist.xml; path = Info.plist; sourceTree = "<group>"; };
		AA5029F324BEEEC2006576A4 /* StillImageViewController.swift */ = {isa = PBXFileReference; lastKnownFileType = sourcecode.swift; path = StillImageViewController.swift; sourceTree = "<group>"; };
		AA5029F524BEF5EE006576A4 /* LiveFeedViewController.swift */ = {isa = PBXFileReference; lastKnownFileType = sourcecode.swift; path = LiveFeedViewController.swift; sourceTree = "<group>"; };
/* End PBXFileReference section */

/* Begin PBXFrameworksBuildPhase section */
		AA5029D924BEECD4006576A4 /* Frameworks */ = {
			isa = PBXFrameworksBuildPhase;
			buildActionMask = 2147483647;
			files = (
			);
			runOnlyForDeploymentPostprocessing = 0;
		};
/* End PBXFrameworksBuildPhase section */

/* Begin PBXGroup section */
		AA5029D324BEECD4006576A4 = {
			isa = PBXGroup;
			children = (
				AA5029DE24BEECD4006576A4 /* Face Detection */,
				AA5029DD24BEECD4006576A4 /* Products */,
			);
			sourceTree = "<group>";
		};
		AA5029DD24BEECD4006576A4 /* Products */ = {
			isa = PBXGroup;
			children = (
				AA5029DC24BEECD4006576A4 /* Face Detection.app */,
			);
			name = Products;
			sourceTree = "<group>";
		};
		AA5029DE24BEECD4006576A4 /* Face Detection */ = {
			isa = PBXGroup;
			children = (
				AA5029DF24BEECD4006576A4 /* AppDelegate.swift */,
				AA5029E124BEECD4006576A4 /* SceneDelegate.swift */,
				AA5029F324BEEEC2006576A4 /* StillImageViewController.swift */,
				AA5029E324BEECD4006576A4 /* ViewController.swift */,
				AA5029E524BEECD4006576A4 /* Main.storyboard */,
				AA5029E824BEECD8006576A4 /* Assets.xcassets */,
				AA5029EA24BEECD8006576A4 /* LaunchScreen.storyboard */,
				AA5029ED24BEECD8006576A4 /* Info.plist */,
				AA5029F524BEF5EE006576A4 /* LiveFeedViewController.swift */,
			);
			path = "Face Detection";
			sourceTree = "<group>";
		};
/* End PBXGroup section */

/* Begin PBXNativeTarget section */
		AA5029DB24BEECD4006576A4 /* Face Detection */ = {
			isa = PBXNativeTarget;
			buildConfigurationList = AA5029F024BEECD8006576A4 /* Build configuration list for PBXNativeTarget "Face Detection" */;
			buildPhases = (
				AA5029D824BEECD4006576A4 /* Sources */,
				AA5029D924BEECD4006576A4 /* Frameworks */,
				AA5029DA24BEECD4006576A4 /* Resources */,
			);
			buildRules = (
			);
			dependencies = (
			);
			name = "Face Detection";
			productName = "Face Detection";
			productReference = AA5029DC24BEECD4006576A4 /* Face Detection.app */;
			productType = "com.apple.product-type.application";
		};
/* End PBXNativeTarget section */

/* Begin PBXProject section */
		AA5029D424BEECD4006576A4 /* Project object */ = {
			isa = PBXProject;
			attributes = {
				LastSwiftUpdateCheck = 1150;
				LastUpgradeCheck = 1150;
				ORGANIZATIONNAME = "Tomasz Baranowicz";
				TargetAttributes = {
					AA5029DB24BEECD4006576A4 = {
						CreatedOnToolsVersion = 11.5;
					};
				};
			};
			buildConfigurationList = AA5029D724BEECD4006576A4 /* Build configuration list for PBXProject "Face Detection" */;
			compatibilityVersion = "Xcode 9.3";
			developmentRegion = en;
			hasScannedForEncodings = 0;
			knownRegions = (
				en,
				Base,
			);
			mainGroup = AA5029D324BEECD4006576A4;
			productRefGroup = AA5029DD24BEECD4006576A4 /* Products */;
			projectDirPath = "";
			projectRoot = "";
			targets = (
				AA5029DB24BEECD4006576A4 /* Face Detection */,
			);
		};
/* End PBXProject section */

/* Begin PBXResourcesBuildPhase section */
		AA5029DA24BEECD4006576A4 /* Resources */ = {
			isa = PBXResourcesBuildPhase;
			buildActionMask = 2147483647;
			files = (
				AA5029EC24BEECD8006576A4 /* LaunchScreen.storyboard in Resources */,
				AA5029E924BEECD8006576A4 /* Assets.xcassets in Resources */,
				AA5029E724BEECD4006576A4 /* Main.storyboard in Resources */,
			);
			runOnlyForDeploymentPostprocessing = 0;
		};
/* End PBXResourcesBuildPhase section */

/* Begin PBXSourcesBuildPhase section */
		AA5029D824BEECD4006576A4 /* Sources */ = {
			isa = PBXSourcesBuildPhase;
			buildActionMask = 2147483647;
			files = (
				AA5029F624BEF5EE006576A4 /* LiveFeedViewController.swift in Sources */,
				AA5029E424BEECD4006576A4 /* ViewController.swift in Sources */,
				AA5029E024BEECD4006576A4 /* AppDelegate.swift in Sources */,
				AA5029F424BEEEC2006576A4 /* StillImageViewController.swift in Sources */,
				AA5029E224BEECD4006576A4 /* SceneDelegate.swift in Sources */,
			);
			runOnlyForDeploymentPostprocessing = 0;
		};
/* End PBXSourcesBuildPhase section */

/* Begin PBXVariantGroup section */
		AA5029E524BEECD4006576A4 /* Main.storyboard */ = {
			isa = PBXVariantGroup;
			children = (
				AA5029E624BEECD4006576A4 /* Base */,
			);
			name = Main.storyboard;
			sourceTree = "<group>";
		};
		AA5029EA24BEECD8006576A4 /* LaunchScreen.storyboard */ = {
			isa = PBXVariantGroup;
			children = (
				AA5029EB24BEECD8006576A4 /* Base */,
			);
			name = LaunchScreen.storyboard;
			sourceTree = "<group>";
		};
/* End PBXVariantGroup section */

/* Begin XCBuildConfiguration section */
		AA5029EE24BEECD8006576A4 /* Debug */ = {
			isa = XCBuildConfiguration;
			buildSettings = {
				ALWAYS_SEARCH_USER_PATHS = NO;
				CLANG_ANALYZER_NONNULL = YES;
				CLANG_ANALYZER_NUMBER_OBJECT_CONVERSION = YES_AGGRESSIVE;
				CLANG_CXX_LANGUAGE_STANDARD = "gnu++14";
				CLANG_CXX_LIBRARY = "libc++";
				CLANG_ENABLE_MODULES = YES;
				CLANG_ENABLE_OBJC_ARC = YES;
				CLANG_ENABLE_OBJC_WEAK = YES;
				CLANG_WARN_BLOCK_CAPTURE_AUTORELEASING = YES;
				CLANG_WARN_BOOL_CONVERSION = YES;
				CLANG_WARN_COMMA = YES;
				CLANG_WARN_CONSTANT_CONVERSION = YES;
				CLANG_WARN_DEPRECATED_OBJC_IMPLEMENTATIONS = YES;
				CLANG_WARN_DIRECT_OBJC_ISA_USAGE = YES_ERROR;
				CLANG_WARN_DOCUMENTATION_COMMENTS = YES;
				CLANG_WARN_EMPTY_BODY = YES;
				CLANG_WARN_ENUM_CONVERSION = YES;
				CLANG_WARN_INFINITE_RECURSION = YES;
				CLANG_WARN_INT_CONVERSION = YES;
				CLANG_WARN_NON_LITERAL_NULL_CONVERSION = YES;
				CLANG_WARN_OBJC_IMPLICIT_RETAIN_SELF = YES;
				CLANG_WARN_OBJC_LITERAL_CONVERSION = YES;
				CLANG_WARN_OBJC_ROOT_CLASS = YES_ERROR;
				CLANG_WARN_RANGE_LOOP_ANALYSIS = YES;
				CLANG_WARN_STRICT_PROTOTYPES = YES;
				CLANG_WARN_SUSPICIOUS_MOVE = YES;
				CLANG_WARN_UNGUARDED_AVAILABILITY = YES_AGGRESSIVE;
				CLANG_WARN_UNREACHABLE_CODE = YES;
				CLANG_WARN__DUPLICATE_METHOD_MATCH = YES;
				COPY_PHASE_STRIP = NO;
				DEBUG_INFORMATION_FORMAT = dwarf;
				ENABLE_STRICT_OBJC_MSGSEND = YES;
				ENABLE_TESTABILITY = YES;
				GCC_C_LANGUAGE_STANDARD = gnu11;
				GCC_DYNAMIC_NO_PIC = NO;
				GCC_NO_COMMON_BLOCKS = YES;
				GCC_OPTIMIZATION_LEVEL = 0;
				GCC_PREPROCESSOR_DEFINITIONS = (
					"DEBUG=1",
					"$(inherited)",
				);
				GCC_WARN_64_TO_32_BIT_CONVERSION = YES;
				GCC_WARN_ABOUT_RETURN_TYPE = YES_ERROR;
				GCC_WARN_UNDECLARED_SELECTOR = YES;
				GCC_WARN_UNINITIALIZED_AUTOS = YES_AGGRESSIVE;
				GCC_WARN_UNUSED_FUNCTION = YES;
				GCC_WARN_UNUSED_VARIABLE = YES;
				IPHONEOS_DEPLOYMENT_TARGET = 13.5;
				MTL_ENABLE_DEBUG_INFO = INCLUDE_SOURCE;
				MTL_FAST_MATH = YES;
				ONLY_ACTIVE_ARCH = YES;
				SDKROOT = iphoneos;
				SWIFT_ACTIVE_COMPILATION_CONDITIONS = DEBUG;
				SWIFT_OPTIMIZATION_LEVEL = "-Onone";
			};
			name = Debug;
		};
		AA5029EF24BEECD8006576A4 /* Release */ = {
			isa = XCBuildConfiguration;
			buildSettings = {
				ALWAYS_SEARCH_USER_PATHS = NO;
				CLANG_ANALYZER_NONNULL = YES;
				CLANG_ANALYZER_NUMBER_OBJECT_CONVERSION = YES_AGGRESSIVE;
				CLANG_CXX_LANGUAGE_STANDARD = "gnu++14";
				CLANG_CXX_LIBRARY = "libc++";
				CLANG_ENABLE_MODULES = YES;
				CLANG_ENABLE_OBJC_ARC = YES;
				CLANG_ENABLE_OBJC_WEAK = YES;
				CLANG_WARN_BLOCK_CAPTURE_AUTORELEASING = YES;
				CLANG_WARN_BOOL_CONVERSION = YES;
				CLANG_WARN_COMMA = YES;
				CLANG_WARN_CONSTANT_CONVERSION = YES;
				CLANG_WARN_DEPRECATED_OBJC_IMPLEMENTATIONS = YES;
				CLANG_WARN_DIRECT_OBJC_ISA_USAGE = YES_ERROR;
				CLANG_WARN_DOCUMENTATION_COMMENTS = YES;
				CLANG_WARN_EMPTY_BODY = YES;
				CLANG_WARN_ENUM_CONVERSION = YES;
				CLANG_WARN_INFINITE_RECURSION = YES;
				CLANG_WARN_INT_CONVERSION = YES;
				CLANG_WARN_NON_LITERAL_NULL_CONVERSION = YES;
				CLANG_WARN_OBJC_IMPLICIT_RETAIN_SELF = YES;
				CLANG_WARN_OBJC_LITERAL_CONVERSION = YES;
				CLANG_WARN_OBJC_ROOT_CLASS = YES_ERROR;
				CLANG_WARN_RANGE_LOOP_ANALYSIS = YES;
				CLANG_WARN_STRICT_PROTOTYPES = YES;
				CLANG_WARN_SUSPICIOUS_MOVE = YES;
				CLANG_WARN_UNGUARDED_AVAILABILITY = YES_AGGRESSIVE;
				CLANG_WARN_UNREACHABLE_CODE = YES;
				CLANG_WARN__DUPLICATE_METHOD_MATCH = YES;
				COPY_PHASE_STRIP = NO;
				DEBUG_INFORMATION_FORMAT = "dwarf-with-dsym";
				ENABLE_NS_ASSERTIONS = NO;
				ENABLE_STRICT_OBJC_MSGSEND = YES;
				GCC_C_LANGUAGE_STANDARD = gnu11;
				GCC_NO_COMMON_BLOCKS = YES;
				GCC_WARN_64_TO_32_BIT_CONVERSION = YES;
				GCC_WARN_ABOUT_RETURN_TYPE = YES_ERROR;
				GCC_WARN_UNDECLARED_SELECTOR = YES;
				GCC_WARN_UNINITIALIZED_AUTOS = YES_AGGRESSIVE;
				GCC_WARN_UNUSED_FUNCTION = YES;
				GCC_WARN_UNUSED_VARIABLE = YES;
				IPHONEOS_DEPLOYMENT_TARGET = 13.5;
				MTL_ENABLE_DEBUG_INFO = NO;
				MTL_FAST_MATH = YES;
				SDKROOT = iphoneos;
				SWIFT_COMPILATION_MODE = wholemodule;
				SWIFT_OPTIMIZATION_LEVEL = "-O";
				VALIDATE_PRODUCT = YES;
			};
			name = Release;
		};
		AA5029F124BEECD8006576A4 /* Debug */ = {
			isa = XCBuildConfiguration;
			buildSettings = {
				ASSETCATALOG_COMPILER_APPICON_NAME = AppIcon;
				CODE_SIGN_STYLE = Automatic;
				DEVELOPMENT_TEAM = "";
				INFOPLIST_FILE = "Face Detection/Info.plist";
				LD_RUNPATH_SEARCH_PATHS = (
					"$(inherited)",
					"@executable_path/Frameworks",
				);
				PRODUCT_BUNDLE_IDENTIFIER = "com.tombaranowicz.Face-Detection";
				PRODUCT_NAME = "$(TARGET_NAME)";
				SWIFT_VERSION = 5.0;
				TARGETED_DEVICE_FAMILY = 1;
			};
			name = Debug;
		};
		AA5029F224BEECD8006576A4 /* Release */ = {
			isa = XCBuildConfiguration;
			buildSettings = {
				ASSETCATALOG_COMPILER_APPICON_NAME = AppIcon;
				CODE_SIGN_STYLE = Automatic;
				DEVELOPMENT_TEAM = "";
				INFOPLIST_FILE = "Face Detection/Info.plist";
				LD_RUNPATH_SEARCH_PATHS = (
					"$(inherited)",
					"@executable_path/Frameworks",
				);
				PRODUCT_BUNDLE_IDENTIFIER = "com.tombaranowicz.Face-Detection";
				PRODUCT_NAME = "$(TARGET_NAME)";
				SWIFT_VERSION = 5.0;
				TARGETED_DEVICE_FAMILY = 1;
			};
			name = Release;
		};
/* End XCBuildConfiguration section */

/* Begin XCConfigurationList section */
		AA5029D724BEECD4006576A4 /* Build configuration list for PBXProject "Face Detection" */ = {
			isa = XCConfigurationList;
			buildConfigurations = (
				AA5029EE24BEECD8006576A4 /* Debug */,
				AA5029EF24BEECD8006576A4 /* Release */,
			);
			defaultConfigurationIsVisible = 0;
			defaultConfigurationName = Release;
		};
		AA5029F024BEECD8006576A4 /* Build configuration list for PBXNativeTarget "Face Detection" */ = {
			isa = XCConfigurationList;
			buildConfigurations = (
				AA5029F124BEECD8006576A4 /* Debug */,
				AA5029F224BEECD8006576A4 /* Release */,
			);
			defaultConfigurationIsVisible = 0;
			defaultConfigurationName = Release;
		};
/* End XCConfigurationList section */
	};
	rootObject = AA5029D424BEECD4006576A4 /* Project object */;
}
